
Microsoft Visual Studio Solution File, Format Version 12.00
# Visual Studio 15
VisualStudioVersion = 15.0.27428.2043
MinimumVisualStudioVersion = 10.0.40219.1
Project("{FAE04EC0-301F-11D3-BF4B-00C04F79EFBC}") = "SuFitApp.Android", "SuFitApp\SuFitApp.Android\SuFitApp.Android.csproj", "{A24E620C-7885-4F57-8B04-5C057D585EBC}"
EndProject
Project("{D954291E-2A0B-460D-934E-DC6B0785DB48}") = "SuFitApp", "SuFitApp\SuFitApp\SuFitApp.shproj", "{64264DAC-179F-4966-8557-5855C51EEEBE}"
EndProject
Global
	GlobalSection(SharedMSBuildProjectFiles) = preSolution
		SuFitApp\SuFitApp\SuFitApp.projitems*{64264dac-179f-4966-8557-5855c51eeebe}*SharedItemsImports = 13
		SuFitApp\SuFitApp\SuFitApp.projitems*{a24e620c-7885-4f57-8b04-5c057d585ebc}*SharedItemsImports = 4
	EndGlobalSection
	GlobalSection(SolutionConfigurationPlatforms) = preSolution
		Debug|Any CPU = Debug|Any CPU
		Release|Any CPU = Release|Any CPU
	EndGlobalSection
	GlobalSection(ProjectConfigurationPlatforms) = postSolution
		{A24E620C-7885-4F57-8B04-5C057D585EBC}.Debug|Any CPU.ActiveCfg = Debug|Any CPU
		{A24E620C-7885-4F57-8B04-5C057D585EBC}.Debug|Any CPU.Build.0 = Debug|Any CPU
		{A24E620C-7885-4F57-8B04-5C057D585EBC}.Debug|Any CPU.Deploy.0 = Debug|Any CPU
		{A24E620C-7885-4F57-8B04-5C057D585EBC}.Release|Any CPU.ActiveCfg = Release|Any CPU
		{A24E620C-7885-4F57-8B04-5C057D585EBC}.Release|Any CPU.Build.0 = Release|Any CPU
		{A24E620C-7885-4F57-8B04-5C057D585EBC}.Release|Any CPU.Deploy.0 = Release|Any CPU
	EndGlobalSection
	GlobalSection(SolutionProperties) = preSolution
		HideSolutionNode = FALSE
	EndGlobalSection
	GlobalSection(ExtensibilityGlobals) = postSolution
		SolutionGuid = {BE509548-C506-4C21-8D08-70A17366B989}
	EndGlobalSection
EndGlobal
